
Microsoft Visual Studio Solution File, Format Version 12.00
# Visual Studio Version 17
VisualStudioVersion = 17.10.35122.118
MinimumVisualStudioVersion = 10.0.40219.1
Project("{FAE04EC0-301F-11D3-BF4B-00C04F79EFBC}") = "DotnetJsonToEnvConfigurationConverter", "DotnetJsonToEnvConfigurationConverter\DotnetJsonToEnvConfigurationConverter.csproj", "{834D6001-DA59-4DBD-B93D-E3DBCF34C0FE}"
EndProject
Global
	GlobalSection(SolutionConfigurationPlatforms) = preSolution
		Debug|Any CPU = Debug|Any CPU
		Release|Any CPU = Release|Any CPU
	EndGlobalSection
	GlobalSection(ProjectConfigurationPlatforms) = postSolution
		{834D6001-DA59-4DBD-B93D-E3DBCF34C0FE}.Debug|Any CPU.ActiveCfg = Debug|Any CPU
		{834D6001-DA59-4DBD-B93D-E3DBCF34C0FE}.Debug|Any CPU.Build.0 = Debug|Any CPU
		{834D6001-DA59-4DBD-B93D-E3DBCF34C0FE}.Release|Any CPU.ActiveCfg = Release|Any CPU
		{834D6001-DA59-4DBD-B93D-E3DBCF34C0FE}.Release|Any CPU.Build.0 = Release|Any CPU
	EndGlobalSection
	GlobalSection(SolutionProperties) = preSolution
		HideSolutionNode = FALSE
	EndGlobalSection
	GlobalSection(ExtensibilityGlobals) = postSolution
		SolutionGuid = {9D81694F-530D-441A-A492-2C4B64F3E887}
	EndGlobalSection
EndGlobal
